// !$*UTF8*$!
{
	archiveVersion = 1;
	classes = {
	};
	objectVersion = 46;
	objects = {

/* Begin PBXBuildFile section */
		18F189C08EEB34B837716691 /* libPods-documentUITests.a in Frameworks */ = {isa = PBXBuildFile; fileRef = 37A92E7E68CAE4F96655C49B /* libPods-documentUITests.a */; };
		394E749184778D176CC405F5 /* libPods-document.a in Frameworks */ = {isa = PBXBuildFile; fileRef = EE63B53CE95E4F9EAC5D2C88 /* libPods-document.a */; };
		7B181DFC10A23E618F9ED914 /* libPods-documentTests.a in Frameworks */ = {isa = PBXBuildFile; fileRef = 329A1C3247AEBB6C70B5C200 /* libPods-documentTests.a */; };
		D237A61C1EA885C3007FE3C2 /* main.m in Sources */ = {isa = PBXBuildFile; fileRef = D237A61B1EA885C3007FE3C2 /* main.m */; };
		D237A61F1EA885C3007FE3C2 /* AppDelegate.m in Sources */ = {isa = PBXBuildFile; fileRef = D237A61E1EA885C3007FE3C2 /* AppDelegate.m */; };
		D237A6221EA885C3007FE3C2 /* ViewController.m in Sources */ = {isa = PBXBuildFile; fileRef = D237A6211EA885C3007FE3C2 /* ViewController.m */; };
		D237A6251EA885C3007FE3C2 /* Main.storyboard in Resources */ = {isa = PBXBuildFile; fileRef = D237A6231EA885C3007FE3C2 /* Main.storyboard */; };
		D237A6271EA885C3007FE3C2 /* Assets.xcassets in Resources */ = {isa = PBXBuildFile; fileRef = D237A6261EA885C3007FE3C2 /* Assets.xcassets */; };
		D237A62A1EA885C3007FE3C2 /* LaunchScreen.storyboard in Resources */ = {isa = PBXBuildFile; fileRef = D237A6281EA885C3007FE3C2 /* LaunchScreen.storyboard */; };
		D237A6351EA885C3007FE3C2 /* documentTests.m in Sources */ = {isa = PBXBuildFile; fileRef = D237A6341EA885C3007FE3C2 /* documentTests.m */; };
		D237A6401EA885C3007FE3C2 /* documentUITests.m in Sources */ = {isa = PBXBuildFile; fileRef = D237A63F1EA885C3007FE3C2 /* documentUITests.m */; };
		D237A64F1EA88609007FE3C2 /* KNBaseViewController.m in Sources */ = {isa = PBXBuildFile; fileRef = D237A64E1EA88609007FE3C2 /* KNBaseViewController.m */; };
		D237A6531EA8864B007FE3C2 /* KNDocumentsViewController.m in Sources */ = {isa = PBXBuildFile; fileRef = D237A6521EA8864B007FE3C2 /* KNDocumentsViewController.m */; };
		D237A65A1EA886D3007FE3C2 /* UIView+edges.m in Sources */ = {isa = PBXBuildFile; fileRef = D237A6591EA886D3007FE3C2 /* UIView+edges.m */; };
		D237A6601EA8A4EF007FE3C2 /* KNDocumentRouter.m in Sources */ = {isa = PBXBuildFile; fileRef = D237A65F1EA8A4EF007FE3C2 /* KNDocumentRouter.m */; };
		D24EF8F01F25F83E0004DD78 /* Settings.bundle in Resources */ = {isa = PBXBuildFile; fileRef = D24EF8EF1F25F83E0004DD78 /* Settings.bundle */; };
/* End PBXBuildFile section */

/* Begin PBXContainerItemProxy section */
		D237A6311EA885C3007FE3C2 /* PBXContainerItemProxy */ = {
			isa = PBXContainerItemProxy;
			containerPortal = D237A60F1EA885C3007FE3C2 /* Project object */;
			proxyType = 1;
			remoteGlobalIDString = D237A6161EA885C3007FE3C2;
			remoteInfo = document;
		};
		D237A63C1EA885C3007FE3C2 /* PBXContainerItemProxy */ = {
			isa = PBXContainerItemProxy;
			containerPortal = D237A60F1EA885C3007FE3C2 /* Project object */;
			proxyType = 1;
			remoteGlobalIDString = D237A6161EA885C3007FE3C2;
			remoteInfo = document;
		};
/* End PBXContainerItemProxy section */

/* Begin PBXFileReference section */
		0801A0FA7EEB19C8EB8C961F /* Pods-documentTests.release.xcconfig */ = {isa = PBXFileReference; includeInIndex = 1; lastKnownFileType = text.xcconfig; name = "Pods-documentTests.release.xcconfig"; path = "Pods/Target Support Files/Pods-documentTests/Pods-documentTests.release.xcconfig"; sourceTree = "<group>"; };
		329A1C3247AEBB6C70B5C200 /* libPods-documentTests.a */ = {isa = PBXFileReference; explicitFileType = archive.ar; includeInIndex = 0; path = "libPods-documentTests.a"; sourceTree = BUILT_PRODUCTS_DIR; };
		37A92E7E68CAE4F96655C49B /* libPods-documentUITests.a */ = {isa = PBXFileReference; explicitFileType = archive.ar; includeInIndex = 0; path = "libPods-documentUITests.a"; sourceTree = BUILT_PRODUCTS_DIR; };
		6927B80E24B90560F1ECDC87 /* Pods-documentUITests.debug.xcconfig */ = {isa = PBXFileReference; includeInIndex = 1; lastKnownFileType = text.xcconfig; name = "Pods-documentUITests.debug.xcconfig"; path = "Pods/Target Support Files/Pods-documentUITests/Pods-documentUITests.debug.xcconfig"; sourceTree = "<group>"; };
		7CDDECD70FE1246730150EC6 /* Pods-documentUITests.release.xcconfig */ = {isa = PBXFileReference; includeInIndex = 1; lastKnownFileType = text.xcconfig; name = "Pods-documentUITests.release.xcconfig"; path = "Pods/Target Support Files/Pods-documentUITests/Pods-documentUITests.release.xcconfig"; sourceTree = "<group>"; };
		93B89151CCC28BB7E0C6B4A8 /* Pods-documentTests.debug.xcconfig */ = {isa = PBXFileReference; includeInIndex = 1; lastKnownFileType = text.xcconfig; name = "Pods-documentTests.debug.xcconfig"; path = "Pods/Target Support Files/Pods-documentTests/Pods-documentTests.debug.xcconfig"; sourceTree = "<group>"; };
		95F44568DA7B13FCAA36FD07 /* Pods-document.release.xcconfig */ = {isa = PBXFileReference; includeInIndex = 1; lastKnownFileType = text.xcconfig; name = "Pods-document.release.xcconfig"; path = "Pods/Target Support Files/Pods-document/Pods-document.release.xcconfig"; sourceTree = "<group>"; };
		D237A6171EA885C3007FE3C2 /* document.app */ = {isa = PBXFileReference; explicitFileType = wrapper.application; includeInIndex = 0; path = document.app; sourceTree = BUILT_PRODUCTS_DIR; };
		D237A61B1EA885C3007FE3C2 /* main.m */ = {isa = PBXFileReference; lastKnownFileType = sourcecode.c.objc; path = main.m; sourceTree = "<group>"; };
		D237A61D1EA885C3007FE3C2 /* AppDelegate.h */ = {isa = PBXFileReference; lastKnownFileType = sourcecode.c.h; path = AppDelegate.h; sourceTree = "<group>"; };
		D237A61E1EA885C3007FE3C2 /* AppDelegate.m */ = {isa = PBXFileReference; lastKnownFileType = sourcecode.c.objc; path = AppDelegate.m; sourceTree = "<group>"; };
		D237A6201EA885C3007FE3C2 /* ViewController.h */ = {isa = PBXFileReference; lastKnownFileType = sourcecode.c.h; path = ViewController.h; sourceTree = "<group>"; };
		D237A6211EA885C3007FE3C2 /* ViewController.m */ = {isa = PBXFileReference; lastKnownFileType = sourcecode.c.objc; path = ViewController.m; sourceTree = "<group>"; };
		D237A6241EA885C3007FE3C2 /* Base */ = {isa = PBXFileReference; lastKnownFileType = file.storyboard; name = Base; path = Base.lproj/Main.storyboard; sourceTree = "<group>"; };
		D237A6261EA885C3007FE3C2 /* Assets.xcassets */ = {isa = PBXFileReference; lastKnownFileType = folder.assetcatalog; path = Assets.xcassets; sourceTree = "<group>"; };
		D237A6291EA885C3007FE3C2 /* Base */ = {isa = PBXFileReference; lastKnownFileType = file.storyboard; name = Base; path = Base.lproj/LaunchScreen.storyboard; sourceTree = "<group>"; };
		D237A62B1EA885C3007FE3C2 /* Info.plist */ = {isa = PBXFileReference; lastKnownFileType = text.plist.xml; path = Info.plist; sourceTree = "<group>"; };
		D237A6301EA885C3007FE3C2 /* documentTests.xctest */ = {isa = PBXFileReference; explicitFileType = wrapper.cfbundle; includeInIndex = 0; path = documentTests.xctest; sourceTree = BUILT_PRODUCTS_DIR; };
		D237A6341EA885C3007FE3C2 /* documentTests.m */ = {isa = PBXFileReference; lastKnownFileType = sourcecode.c.objc; path = documentTests.m; sourceTree = "<group>"; };
		D237A6361EA885C3007FE3C2 /* Info.plist */ = {isa = PBXFileReference; lastKnownFileType = text.plist.xml; path = Info.plist; sourceTree = "<group>"; };
		D237A63B1EA885C3007FE3C2 /* documentUITests.xctest */ = {isa = PBXFileReference; explicitFileType = wrapper.cfbundle; includeInIndex = 0; path = documentUITests.xctest; sourceTree = BUILT_PRODUCTS_DIR; };
		D237A63F1EA885C3007FE3C2 /* documentUITests.m */ = {isa = PBXFileReference; lastKnownFileType = sourcecode.c.objc; path = documentUITests.m; sourceTree = "<group>"; };
		D237A6411EA885C3007FE3C2 /* Info.plist */ = {isa = PBXFileReference; lastKnownFileType = text.plist.xml; path = Info.plist; sourceTree = "<group>"; };
		D237A64D1EA88609007FE3C2 /* KNBaseViewController.h */ = {isa = PBXFileReference; fileEncoding = 4; lastKnownFileType = sourcecode.c.h; path = KNBaseViewController.h; sourceTree = "<group>"; };
		D237A64E1EA88609007FE3C2 /* KNBaseViewController.m */ = {isa = PBXFileReference; fileEncoding = 4; lastKnownFileType = sourcecode.c.objc; path = KNBaseViewController.m; sourceTree = "<group>"; };
		D237A6511EA8864B007FE3C2 /* KNDocumentsViewController.h */ = {isa = PBXFileReference; fileEncoding = 4; lastKnownFileType = sourcecode.c.h; path = KNDocumentsViewController.h; sourceTree = "<group>"; };
		D237A6521EA8864B007FE3C2 /* KNDocumentsViewController.m */ = {isa = PBXFileReference; fileEncoding = 4; lastKnownFileType = sourcecode.c.objc; path = KNDocumentsViewController.m; sourceTree = "<group>"; };
		D237A6581EA886D3007FE3C2 /* UIView+edges.h */ = {isa = PBXFileReference; fileEncoding = 4; lastKnownFileType = sourcecode.c.h; path = "UIView+edges.h"; sourceTree = "<group>"; };
		D237A6591EA886D3007FE3C2 /* UIView+edges.m */ = {isa = PBXFileReference; fileEncoding = 4; lastKnownFileType = sourcecode.c.objc; path = "UIView+edges.m"; sourceTree = "<group>"; };
		D237A65D1EA88DDB007FE3C2 /* PrefixHeader.pch */ = {isa = PBXFileReference; lastKnownFileType = sourcecode.c.h; path = PrefixHeader.pch; sourceTree = "<group>"; };
		D237A65E1EA8A4EF007FE3C2 /* KNDocumentRouter.h */ = {isa = PBXFileReference; fileEncoding = 4; lastKnownFileType = sourcecode.c.h; path = KNDocumentRouter.h; sourceTree = "<group>"; };
		D237A65F1EA8A4EF007FE3C2 /* KNDocumentRouter.m */ = {isa = PBXFileReference; fileEncoding = 4; lastKnownFileType = sourcecode.c.objc; path = KNDocumentRouter.m; sourceTree = "<group>"; };
		D24EF8EF1F25F83E0004DD78 /* Settings.bundle */ = {isa = PBXFileReference; lastKnownFileType = "wrapper.plug-in"; path = Settings.bundle; sourceTree = "<group>"; };
		DF7C9D3EC388F1AFF5BBA66C /* Pods-document.debug.xcconfig */ = {isa = PBXFileReference; includeInIndex = 1; lastKnownFileType = text.xcconfig; name = "Pods-document.debug.xcconfig"; path = "Pods/Target Support Files/Pods-document/Pods-document.debug.xcconfig"; sourceTree = "<group>"; };
		EE63B53CE95E4F9EAC5D2C88 /* libPods-document.a */ = {isa = PBXFileReference; explicitFileType = archive.ar; includeInIndex = 0; path = "libPods-document.a"; sourceTree = BUILT_PRODUCTS_DIR; };
/* End PBXFileReference section */

/* Begin PBXFrameworksBuildPhase section */
		D237A6141EA885C3007FE3C2 /* Frameworks */ = {
			isa = PBXFrameworksBuildPhase;
			buildActionMask = 2147483647;
			files = (
				394E749184778D176CC405F5 /* libPods-document.a in Frameworks */,
			);
			runOnlyForDeploymentPostprocessing = 0;
		};
		D237A62D1EA885C3007FE3C2 /* Frameworks */ = {
			isa = PBXFrameworksBuildPhase;
			buildActionMask = 2147483647;
			files = (
				7B181DFC10A23E618F9ED914 /* libPods-documentTests.a in Frameworks */,
			);
			runOnlyForDeploymentPostprocessing = 0;
		};
		D237A6381EA885C3007FE3C2 /* Frameworks */ = {
			isa = PBXFrameworksBuildPhase;
			buildActionMask = 2147483647;
			files = (
				18F189C08EEB34B837716691 /* libPods-documentUITests.a in Frameworks */,
			);
			runOnlyForDeploymentPostprocessing = 0;
		};
/* End PBXFrameworksBuildPhase section */

/* Begin PBXGroup section */
		2F93A36A648FCD893B6CBB14 /* Frameworks */ = {
			isa = PBXGroup;
			children = (
				EE63B53CE95E4F9EAC5D2C88 /* libPods-document.a */,
				329A1C3247AEBB6C70B5C200 /* libPods-documentTests.a */,
				37A92E7E68CAE4F96655C49B /* libPods-documentUITests.a */,
			);
			name = Frameworks;
			sourceTree = "<group>";
		};
		A87D50E42F434344C5E062C2 /* Pods */ = {
			isa = PBXGroup;
			children = (
				DF7C9D3EC388F1AFF5BBA66C /* Pods-document.debug.xcconfig */,
				95F44568DA7B13FCAA36FD07 /* Pods-document.release.xcconfig */,
				93B89151CCC28BB7E0C6B4A8 /* Pods-documentTests.debug.xcconfig */,
				0801A0FA7EEB19C8EB8C961F /* Pods-documentTests.release.xcconfig */,
				6927B80E24B90560F1ECDC87 /* Pods-documentUITests.debug.xcconfig */,
				7CDDECD70FE1246730150EC6 /* Pods-documentUITests.release.xcconfig */,
			);
			name = Pods;
			sourceTree = "<group>";
		};
		D237A60E1EA885C3007FE3C2 = {
			isa = PBXGroup;
			children = (
				D237A6191EA885C3007FE3C2 /* document */,
				D237A6331EA885C3007FE3C2 /* documentTests */,
				D237A63E1EA885C3007FE3C2 /* documentUITests */,
				D237A6181EA885C3007FE3C2 /* Products */,
				A87D50E42F434344C5E062C2 /* Pods */,
				2F93A36A648FCD893B6CBB14 /* Frameworks */,
			);
			sourceTree = "<group>";
		};
		D237A6181EA885C3007FE3C2 /* Products */ = {
			isa = PBXGroup;
			children = (
				D237A6171EA885C3007FE3C2 /* document.app */,
				D237A6301EA885C3007FE3C2 /* documentTests.xctest */,
				D237A63B1EA885C3007FE3C2 /* documentUITests.xctest */,
			);
			name = Products;
			sourceTree = "<group>";
		};
		D237A6191EA885C3007FE3C2 /* document */ = {
			isa = PBXGroup;
			children = (
				D237A6541EA88682007FE3C2 /* 分类 */,
				D237A6501EA8862A007FE3C2 /* 列表 */,
				D237A61D1EA885C3007FE3C2 /* AppDelegate.h */,
				D237A61E1EA885C3007FE3C2 /* AppDelegate.m */,
				D237A6201EA885C3007FE3C2 /* ViewController.h */,
				D237A6211EA885C3007FE3C2 /* ViewController.m */,
				D237A64D1EA88609007FE3C2 /* KNBaseViewController.h */,
				D237A64E1EA88609007FE3C2 /* KNBaseViewController.m */,
				D237A6231EA885C3007FE3C2 /* Main.storyboard */,
				D237A6261EA885C3007FE3C2 /* Assets.xcassets */,
				D237A6281EA885C3007FE3C2 /* LaunchScreen.storyboard */,
				D237A62B1EA885C3007FE3C2 /* Info.plist */,
				D237A61A1EA885C3007FE3C2 /* Supporting Files */,
			);
			path = document;
			sourceTree = "<group>";
		};
		D237A61A1EA885C3007FE3C2 /* Supporting Files */ = {
			isa = PBXGroup;
			children = (
				D237A61B1EA885C3007FE3C2 /* main.m */,
				D237A65D1EA88DDB007FE3C2 /* PrefixHeader.pch */,
				D24EF8EF1F25F83E0004DD78 /* Settings.bundle */,
			);
			name = "Supporting Files";
			sourceTree = "<group>";
		};
		D237A6331EA885C3007FE3C2 /* documentTests */ = {
			isa = PBXGroup;
			children = (
				D237A6341EA885C3007FE3C2 /* documentTests.m */,
				D237A6361EA885C3007FE3C2 /* Info.plist */,
			);
			path = documentTests;
			sourceTree = "<group>";
		};
		D237A63E1EA885C3007FE3C2 /* documentUITests */ = {
			isa = PBXGroup;
			children = (
				D237A63F1EA885C3007FE3C2 /* documentUITests.m */,
				D237A6411EA885C3007FE3C2 /* Info.plist */,
			);
			path = documentUITests;
			sourceTree = "<group>";
		};
		D237A6501EA8862A007FE3C2 /* 列表 */ = {
			isa = PBXGroup;
			children = (
				D237A6511EA8864B007FE3C2 /* KNDocumentsViewController.h */,
				D237A6521EA8864B007FE3C2 /* KNDocumentsViewController.m */,
				D237A65E1EA8A4EF007FE3C2 /* KNDocumentRouter.h */,
				D237A65F1EA8A4EF007FE3C2 /* KNDocumentRouter.m */,
			);
			path = "列表";
			sourceTree = "<group>";
		};
		D237A6541EA88682007FE3C2 /* 分类 */ = {
			isa = PBXGroup;
			children = (
				D237A6581EA886D3007FE3C2 /* UIView+edges.h */,
				D237A6591EA886D3007FE3C2 /* UIView+edges.m */,
			);
			path = "分类";
			sourceTree = "<group>";
		};
/* End PBXGroup section */

/* Begin PBXNativeTarget section */
		D237A6161EA885C3007FE3C2 /* document */ = {
			isa = PBXNativeTarget;
			buildConfigurationList = D237A6441EA885C3007FE3C2 /* Build configuration list for PBXNativeTarget "document" */;
			buildPhases = (
				CDB4FA82EDA477B15EABC6F2 /* [CP] Check Pods Manifest.lock */,
				D237A6131EA885C3007FE3C2 /* Sources */,
				D237A6141EA885C3007FE3C2 /* Frameworks */,
				D237A6151EA885C3007FE3C2 /* Resources */,
				0257BFB774F7B1AAFB44A1E3 /* [CP] Embed Pods Frameworks */,
				135F27445309A97534868822 /* [CP] Copy Pods Resources */,
			);
			buildRules = (
			);
			dependencies = (
			);
			name = document;
			productName = document;
			productReference = D237A6171EA885C3007FE3C2 /* document.app */;
			productType = "com.apple.product-type.application";
		};
		D237A62F1EA885C3007FE3C2 /* documentTests */ = {
			isa = PBXNativeTarget;
			buildConfigurationList = D237A6471EA885C3007FE3C2 /* Build configuration list for PBXNativeTarget "documentTests" */;
			buildPhases = (
				6A67D9F1BEFCE4523A298A8E /* [CP] Check Pods Manifest.lock */,
				D237A62C1EA885C3007FE3C2 /* Sources */,
				D237A62D1EA885C3007FE3C2 /* Frameworks */,
				D237A62E1EA885C3007FE3C2 /* Resources */,
				75FB9FF526880486DB9340E7 /* [CP] Embed Pods Frameworks */,
				8AA9250ECE58F44470A5556A /* [CP] Copy Pods Resources */,
			);
			buildRules = (
			);
			dependencies = (
				D237A6321EA885C3007FE3C2 /* PBXTargetDependency */,
			);
			name = documentTests;
			productName = documentTests;
			productReference = D237A6301EA885C3007FE3C2 /* documentTests.xctest */;
			productType = "com.apple.product-type.bundle.unit-test";
		};
		D237A63A1EA885C3007FE3C2 /* documentUITests */ = {
			isa = PBXNativeTarget;
			buildConfigurationList = D237A64A1EA885C3007FE3C2 /* Build configuration list for PBXNativeTarget "documentUITests" */;
			buildPhases = (
				D756946D8062420983FDE98F /* [CP] Check Pods Manifest.lock */,
				D237A6371EA885C3007FE3C2 /* Sources */,
				D237A6381EA885C3007FE3C2 /* Frameworks */,
				D237A6391EA885C3007FE3C2 /* Resources */,
				2B3670FCED53F1F8D7F15E8C /* [CP] Embed Pods Frameworks */,
				F7C40E4FBCD7207CC30744EC /* [CP] Copy Pods Resources */,
			);
			buildRules = (
			);
			dependencies = (
				D237A63D1EA885C3007FE3C2 /* PBXTargetDependency */,
			);
			name = documentUITests;
			productName = documentUITests;
			productReference = D237A63B1EA885C3007FE3C2 /* documentUITests.xctest */;
			productType = "com.apple.product-type.bundle.ui-testing";
		};
/* End PBXNativeTarget section */

/* Begin PBXProject section */
		D237A60F1EA885C3007FE3C2 /* Project object */ = {
			isa = PBXProject;
			attributes = {
				LastUpgradeCheck = 0800;
				ORGANIZATIONNAME = liu;
				TargetAttributes = {
					D237A6161EA885C3007FE3C2 = {
						CreatedOnToolsVersion = 8.0;
						DevelopmentTeam = D4SW35F4TG;
						ProvisioningStyle = Automatic;
					};
					D237A62F1EA885C3007FE3C2 = {
						CreatedOnToolsVersion = 8.0;
						ProvisioningStyle = Automatic;
						TestTargetID = D237A6161EA885C3007FE3C2;
					};
					D237A63A1EA885C3007FE3C2 = {
						CreatedOnToolsVersion = 8.0;
						ProvisioningStyle = Automatic;
						TestTargetID = D237A6161EA885C3007FE3C2;
					};
				};
			};
			buildConfigurationList = D237A6121EA885C3007FE3C2 /* Build configuration list for PBXProject "document" */;
			compatibilityVersion = "Xcode 3.2";
			developmentRegion = English;
			hasScannedForEncodings = 0;
			knownRegions = (
				en,
				Base,
			);
			mainGroup = D237A60E1EA885C3007FE3C2;
			productRefGroup = D237A6181EA885C3007FE3C2 /* Products */;
			projectDirPath = "";
			projectRoot = "";
			targets = (
				D237A6161EA885C3007FE3C2 /* document */,
				D237A62F1EA885C3007FE3C2 /* documentTests */,
				D237A63A1EA885C3007FE3C2 /* documentUITests */,
			);
		};
/* End PBXProject section */

/* Begin PBXResourcesBuildPhase section */
		D237A6151EA885C3007FE3C2 /* Resources */ = {
			isa = PBXResourcesBuildPhase;
			buildActionMask = 2147483647;
			files = (
				D24EF8F01F25F83E0004DD78 /* Settings.bundle in Resources */,
				D237A62A1EA885C3007FE3C2 /* LaunchScreen.storyboard in Resources */,
				D237A6271EA885C3007FE3C2 /* Assets.xcassets in Resources */,
				D237A6251EA885C3007FE3C2 /* Main.storyboard in Resources */,
			);
			runOnlyForDeploymentPostprocessing = 0;
		};
		D237A62E1EA885C3007FE3C2 /* Resources */ = {
			isa = PBXResourcesBuildPhase;
			buildActionMask = 2147483647;
			files = (
			);
			runOnlyForDeploymentPostprocessing = 0;
		};
		D237A6391EA885C3007FE3C2 /* Resources */ = {
			isa = PBXResourcesBuildPhase;
			buildActionMask = 2147483647;
			files = (
			);
			runOnlyForDeploymentPostprocessing = 0;
		};
/* End PBXResourcesBuildPhase section */

/* Begin PBXShellScriptBuildPhase section */
		0257BFB774F7B1AAFB44A1E3 /* [CP] Embed Pods Frameworks */ = {
			isa = PBXShellScriptBuildPhase;
			buildActionMask = 2147483647;
			files = (
			);
			inputPaths = (
			);
			name = "[CP] Embed Pods Frameworks";
			outputPaths = (
			);
			runOnlyForDeploymentPostprocessing = 0;
			shellPath = /bin/sh;
			shellScript = "\"${SRCROOT}/Pods/Target Support Files/Pods-document/Pods-document-frameworks.sh\"\n";
			showEnvVarsInLog = 0;
		};
		135F27445309A97534868822 /* [CP] Copy Pods Resources */ = {
			isa = PBXShellScriptBuildPhase;
			buildActionMask = 2147483647;
			files = (
			);
			inputPaths = (
			);
			name = "[CP] Copy Pods Resources";
			outputPaths = (
			);
			runOnlyForDeploymentPostprocessing = 0;
			shellPath = /bin/sh;
			shellScript = "\"${SRCROOT}/Pods/Target Support Files/Pods-document/Pods-document-resources.sh\"\n";
			showEnvVarsInLog = 0;
		};
		2B3670FCED53F1F8D7F15E8C /* [CP] Embed Pods Frameworks */ = {
			isa = PBXShellScriptBuildPhase;
			buildActionMask = 2147483647;
			files = (
			);
			inputPaths = (
			);
			name = "[CP] Embed Pods Frameworks";
			outputPaths = (
			);
			runOnlyForDeploymentPostprocessing = 0;
			shellPath = /bin/sh;
			shellScript = "\"${SRCROOT}/Pods/Target Support Files/Pods-documentUITests/Pods-documentUITests-frameworks.sh\"\n";
			showEnvVarsInLog = 0;
		};
		6A67D9F1BEFCE4523A298A8E /* [CP] Check Pods Manifest.lock */ = {
			isa = PBXShellScriptBuildPhase;
			buildActionMask = 2147483647;
			files = (
			);
			inputPaths = (
			);
			name = "[CP] Check Pods Manifest.lock";
			outputPaths = (
			);
			runOnlyForDeploymentPostprocessing = 0;
			shellPath = /bin/sh;
			shellScript = "diff \"${PODS_PODFILE_DIR_PATH}/Podfile.lock\" \"${PODS_ROOT}/Manifest.lock\" > /dev/null\nif [ $? != 0 ] ; then\n    # print error to STDERR\n    echo \"error: The sandbox is not in sync with the Podfile.lock. Run 'pod install' or update your CocoaPods installation.\" >&2\n    exit 1\nfi\n";
			showEnvVarsInLog = 0;
		};
		75FB9FF526880486DB9340E7 /* [CP] Embed Pods Frameworks */ = {
			isa = PBXShellScriptBuildPhase;
			buildActionMask = 2147483647;
			files = (
			);
			inputPaths = (
			);
			name = "[CP] Embed Pods Frameworks";
			outputPaths = (
			);
			runOnlyForDeploymentPostprocessing = 0;
			shellPath = /bin/sh;
			shellScript = "\"${SRCROOT}/Pods/Target Support Files/Pods-documentTests/Pods-documentTests-frameworks.sh\"\n";
			showEnvVarsInLog = 0;
		};
		8AA9250ECE58F44470A5556A /* [CP] Copy Pods Resources */ = {
			isa = PBXShellScriptBuildPhase;
			buildActionMask = 2147483647;
			files = (
			);
			inputPaths = (
			);
			name = "[CP] Copy Pods Resources";
			outputPaths = (
			);
			runOnlyForDeploymentPostprocessing = 0;
			shellPath = /bin/sh;
			shellScript = "\"${SRCROOT}/Pods/Target Support Files/Pods-documentTests/Pods-documentTests-resources.sh\"\n";
			showEnvVarsInLog = 0;
		};
		CDB4FA82EDA477B15EABC6F2 /* [CP] Check Pods Manifest.lock */ = {
			isa = PBXShellScriptBuildPhase;
			buildActionMask = 2147483647;
			files = (
			);
			inputPaths = (
			);
			name = "[CP] Check Pods Manifest.lock";
			outputPaths = (
			);
			runOnlyForDeploymentPostprocessing = 0;
			shellPath = /bin/sh;
			shellScript = "diff \"${PODS_PODFILE_DIR_PATH}/Podfile.lock\" \"${PODS_ROOT}/Manifest.lock\" > /dev/null\nif [ $? != 0 ] ; then\n    # print error to STDERR\n    echo \"error: The sandbox is not in sync with the Podfile.lock. Run 'pod install' or update your CocoaPods installation.\" >&2\n    exit 1\nfi\n";
			showEnvVarsInLog = 0;
		};
		D756946D8062420983FDE98F /* [CP] Check Pods Manifest.lock */ = {
			isa = PBXShellScriptBuildPhase;
			buildActionMask = 2147483647;
			files = (
			);
			inputPaths = (
			);
			name = "[CP] Check Pods Manifest.lock";
			outputPaths = (
			);
			runOnlyForDeploymentPostprocessing = 0;
			shellPath = /bin/sh;
			shellScript = "diff \"${PODS_PODFILE_DIR_PATH}/Podfile.lock\" \"${PODS_ROOT}/Manifest.lock\" > /dev/null\nif [ $? != 0 ] ; then\n    # print error to STDERR\n    echo \"error: The sandbox is not in sync with the Podfile.lock. Run 'pod install' or update your CocoaPods installation.\" >&2\n    exit 1\nfi\n";
			showEnvVarsInLog = 0;
		};
		F7C40E4FBCD7207CC30744EC /* [CP] Copy Pods Resources */ = {
			isa = PBXShellScriptBuildPhase;
			buildActionMask = 2147483647;
			files = (
			);
			inputPaths = (
			);
			name = "[CP] Copy Pods Resources";
			outputPaths = (
			);
			runOnlyForDeploymentPostprocessing = 0;
			shellPath = /bin/sh;
			shellScript = "\"${SRCROOT}/Pods/Target Support Files/Pods-documentUITests/Pods-documentUITests-resources.sh\"\n";
			showEnvVarsInLog = 0;
		};
/* End PBXShellScriptBuildPhase section */

/* Begin PBXSourcesBuildPhase section */
		D237A6131EA885C3007FE3C2 /* Sources */ = {
			isa = PBXSourcesBuildPhase;
			buildActionMask = 2147483647;
			files = (
				D237A6601EA8A4EF007FE3C2 /* KNDocumentRouter.m in Sources */,
				D237A6531EA8864B007FE3C2 /* KNDocumentsViewController.m in Sources */,
				D237A64F1EA88609007FE3C2 /* KNBaseViewController.m in Sources */,
				D237A6221EA885C3007FE3C2 /* ViewController.m in Sources */,
				D237A65A1EA886D3007FE3C2 /* UIView+edges.m in Sources */,
				D237A61F1EA885C3007FE3C2 /* AppDelegate.m in Sources */,
				D237A61C1EA885C3007FE3C2 /* main.m in Sources */,
			);
			runOnlyForDeploymentPostprocessing = 0;
		};
		D237A62C1EA885C3007FE3C2 /* Sources */ = {
			isa = PBXSourcesBuildPhase;
			buildActionMask = 2147483647;
			files = (
				D237A6351EA885C3007FE3C2 /* documentTests.m in Sources */,
			);
			runOnlyForDeploymentPostprocessing = 0;
		};
		D237A6371EA885C3007FE3C2 /* Sources */ = {
			isa = PBXSourcesBuildPhase;
			buildActionMask = 2147483647;
			files = (
				D237A6401EA885C3007FE3C2 /* documentUITests.m in Sources */,
			);
			runOnlyForDeploymentPostprocessing = 0;
		};
/* End PBXSourcesBuildPhase section */

/* Begin PBXTargetDependency section */
		D237A6321EA885C3007FE3C2 /* PBXTargetDependency */ = {
			isa = PBXTargetDependency;
			target = D237A6161EA885C3007FE3C2 /* document */;
			targetProxy = D237A6311EA885C3007FE3C2 /* PBXContainerItemProxy */;
		};
		D237A63D1EA885C3007FE3C2 /* PBXTargetDependency */ = {
			isa = PBXTargetDependency;
			target = D237A6161EA885C3007FE3C2 /* document */;
			targetProxy = D237A63C1EA885C3007FE3C2 /* PBXContainerItemProxy */;
		};
/* End PBXTargetDependency section */

/* Begin PBXVariantGroup section */
		D237A6231EA885C3007FE3C2 /* Main.storyboard */ = {
			isa = PBXVariantGroup;
			children = (
				D237A6241EA885C3007FE3C2 /* Base */,
			);
			name = Main.storyboard;
			sourceTree = "<group>";
		};
		D237A6281EA885C3007FE3C2 /* LaunchScreen.storyboard */ = {
			isa = PBXVariantGroup;
			children = (
				D237A6291EA885C3007FE3C2 /* Base */,
			);
			name = LaunchScreen.storyboard;
			sourceTree = "<group>";
		};
/* End PBXVariantGroup section */

/* Begin XCBuildConfiguration section */
		D237A6421EA885C3007FE3C2 /* Debug */ = {
			isa = XCBuildConfiguration;
			buildSettings = {
				ALWAYS_SEARCH_USER_PATHS = NO;
				CLANG_ANALYZER_NONNULL = YES;
				CLANG_CXX_LANGUAGE_STANDARD = "gnu++0x";
				CLANG_CXX_LIBRARY = "libc++";
				CLANG_ENABLE_MODULES = YES;
				CLANG_ENABLE_OBJC_ARC = YES;
				CLANG_WARN_BOOL_CONVERSION = YES;
				CLANG_WARN_CONSTANT_CONVERSION = YES;
				CLANG_WARN_DIRECT_OBJC_ISA_USAGE = YES_ERROR;
				CLANG_WARN_DOCUMENTATION_COMMENTS = YES;
				CLANG_WARN_EMPTY_BODY = YES;
				CLANG_WARN_ENUM_CONVERSION = YES;
				CLANG_WARN_INFINITE_RECURSION = YES;
				CLANG_WARN_INT_CONVERSION = YES;
				CLANG_WARN_OBJC_ROOT_CLASS = YES_ERROR;
				CLANG_WARN_SUSPICIOUS_MOVES = YES;
				CLANG_WARN_UNREACHABLE_CODE = YES;
				CLANG_WARN__DUPLICATE_METHOD_MATCH = YES;
				"CODE_SIGN_IDENTITY[sdk=iphoneos*]" = "iPhone Developer";
				COPY_PHASE_STRIP = NO;
				DEBUG_INFORMATION_FORMAT = dwarf;
				ENABLE_STRICT_OBJC_MSGSEND = YES;
				ENABLE_TESTABILITY = YES;
				GCC_C_LANGUAGE_STANDARD = gnu99;
				GCC_DYNAMIC_NO_PIC = NO;
				GCC_NO_COMMON_BLOCKS = YES;
				GCC_OPTIMIZATION_LEVEL = 0;
				GCC_PREPROCESSOR_DEFINITIONS = (
					"DEBUG=1",
					"$(inherited)",
				);
				GCC_WARN_64_TO_32_BIT_CONVERSION = YES;
				GCC_WARN_ABOUT_RETURN_TYPE = YES_ERROR;
				GCC_WARN_UNDECLARED_SELECTOR = YES;
				GCC_WARN_UNINITIALIZED_AUTOS = YES_AGGRESSIVE;
				GCC_WARN_UNUSED_FUNCTION = YES;
				GCC_WARN_UNUSED_VARIABLE = YES;
				IPHONEOS_DEPLOYMENT_TARGET = 10.0;
				MTL_ENABLE_DEBUG_INFO = YES;
				ONLY_ACTIVE_ARCH = YES;
				SDKROOT = iphoneos;
				TARGETED_DEVICE_FAMILY = "1,2";
			};
			name = Debug;
		};
		D237A6431EA885C3007FE3C2 /* Release */ = {
			isa = XCBuildConfiguration;
			buildSettings = {
				ALWAYS_SEARCH_USER_PATHS = NO;
				CLANG_ANALYZER_NONNULL = YES;
				CLANG_CXX_LANGUAGE_STANDARD = "gnu++0x";
				CLANG_CXX_LIBRARY = "libc++";
				CLANG_ENABLE_MODULES = YES;
				CLANG_ENABLE_OBJC_ARC = YES;
				CLANG_WARN_BOOL_CONVERSION = YES;
				CLANG_WARN_CONSTANT_CONVERSION = YES;
				CLANG_WARN_DIRECT_OBJC_ISA_USAGE = YES_ERROR;
				CLANG_WARN_DOCUMENTATION_COMMENTS = YES;
				CLANG_WARN_EMPTY_BODY = YES;
				CLANG_WARN_ENUM_CONVERSION = YES;
				CLANG_WARN_INFINITE_RECURSION = YES;
				CLANG_WARN_INT_CONVERSION = YES;
				CLANG_WARN_OBJC_ROOT_CLASS = YES_ERROR;
				CLANG_WARN_SUSPICIOUS_MOVES = YES;
				CLANG_WARN_UNREACHABLE_CODE = YES;
				CLANG_WARN__DUPLICATE_METHOD_MATCH = YES;
				"CODE_SIGN_IDENTITY[sdk=iphoneos*]" = "iPhone Developer";
				COPY_PHASE_STRIP = NO;
				DEBUG_INFORMATION_FORMAT = "dwarf-with-dsym";
				ENABLE_NS_ASSERTIONS = NO;
				ENABLE_STRICT_OBJC_MSGSEND = YES;
				GCC_C_LANGUAGE_STANDARD = gnu99;
				GCC_NO_COMMON_BLOCKS = YES;
				GCC_WARN_64_TO_32_BIT_CONVERSION = YES;
				GCC_WARN_ABOUT_RETURN_TYPE = YES_ERROR;
				GCC_WARN_UNDECLARED_SELECTOR = YES;
				GCC_WARN_UNINITIALIZED_AUTOS = YES_AGGRESSIVE;
				GCC_WARN_UNUSED_FUNCTION = YES;
				GCC_WARN_UNUSED_VARIABLE = YES;
				IPHONEOS_DEPLOYMENT_TARGET = 10.0;
				MTL_ENABLE_DEBUG_INFO = NO;
				SDKROOT = iphoneos;
				TARGETED_DEVICE_FAMILY = "1,2";
				VALIDATE_PRODUCT = YES;
			};
			name = Release;
		};
		D237A6451EA885C3007FE3C2 /* Debug */ = {
			isa = XCBuildConfiguration;
			baseConfigurationReference = DF7C9D3EC388F1AFF5BBA66C /* Pods-document.debug.xcconfig */;
			buildSettings = {
				ASSETCATALOG_COMPILER_APPICON_NAME = AppIcon;
				DEVELOPMENT_TEAM = D4SW35F4TG;
				GCC_PREFIX_HEADER = document/PrefixHeader.pch;
				INFOPLIST_FILE = document/Info.plist;
				LD_RUNPATH_SEARCH_PATHS = "$(inherited) @executable_path/Frameworks";
				PRODUCT_BUNDLE_IDENTIFIER = com.nnn.document;
				PRODUCT_NAME = "$(TARGET_NAME)";
			};
			name = Debug;
		};
		D237A6461EA885C3007FE3C2 /* Release */ = {
			isa = XCBuildConfiguration;
			baseConfigurationReference = 95F44568DA7B13FCAA36FD07 /* Pods-document.release.xcconfig */;
			buildSettings = {
				ASSETCATALOG_COMPILER_APPICON_NAME = AppIcon;
				DEVELOPMENT_TEAM = D4SW35F4TG;
				GCC_PREFIX_HEADER = document/PrefixHeader.pch;
				INFOPLIST_FILE = document/Info.plist;
				LD_RUNPATH_SEARCH_PATHS = "$(inherited) @executable_path/Frameworks";
				PRODUCT_BUNDLE_IDENTIFIER = com.nnn.document;
				PRODUCT_NAME = "$(TARGET_NAME)";
			};
			name = Release;
		};
		D237A6481EA885C3007FE3C2 /* Debug */ = {
			isa = XCBuildConfiguration;
			baseConfigurationReference = 93B89151CCC28BB7E0C6B4A8 /* Pods-documentTests.debug.xcconfig */;
			buildSettings = {
				BUNDLE_LOADER = "$(TEST_HOST)";
				INFOPLIST_FILE = documentTests/Info.plist;
				LD_RUNPATH_SEARCH_PATHS = "$(inherited) @executable_path/Frameworks @loader_path/Frameworks";
				PRODUCT_BUNDLE_IDENTIFIER = com.nnn.documentTests;
				PRODUCT_NAME = "$(TARGET_NAME)";
				TEST_HOST = "$(BUILT_PRODUCTS_DIR)/document.app/document";
			};
			name = Debug;
		};
		D237A6491EA885C3007FE3C2 /* Release */ = {
			isa = XCBuildConfiguration;
			baseConfigurationReference = 0801A0FA7EEB19C8EB8C961F /* Pods-documentTests.release.xcconfig */;
			buildSettings = {
				BUNDLE_LOADER = "$(TEST_HOST)";
				INFOPLIST_FILE = documentTests/Info.plist;
				LD_RUNPATH_SEARCH_PATHS = "$(inherited) @executable_path/Frameworks @loader_path/Frameworks";
				PRODUCT_BUNDLE_IDENTIFIER = com.nnn.documentTests;
				PRODUCT_NAME = "$(TARGET_NAME)";
				TEST_HOST = "$(BUILT_PRODUCTS_DIR)/document.app/document";
			};
			name = Release;
		};
		D237A64B1EA885C3007FE3C2 /* Debug */ = {
			isa = XCBuildConfiguration;
			baseConfigurationReference = 6927B80E24B90560F1ECDC87 /* Pods-documentUITests.debug.xcconfig */;
			buildSettings = {
				INFOPLIST_FILE = documentUITests/Info.plist;
				LD_RUNPATH_SEARCH_PATHS = "$(inherited) @executable_path/Frameworks @loader_path/Frameworks";
				PRODUCT_BUNDLE_IDENTIFIER = com.nnn.documentUITests;
				PRODUCT_NAME = "$(TARGET_NAME)";
				TEST_TARGET_NAME = document;
			};
			name = Debug;
		};
		D237A64C1EA885C3007FE3C2 /* Release */ = {
			isa = XCBuildConfiguration;
			baseConfigurationReference = 7CDDECD70FE1246730150EC6 /* Pods-documentUITests.release.xcconfig */;
			buildSettings = {
				INFOPLIST_FILE = documentUITests/Info.plist;
				LD_RUNPATH_SEARCH_PATHS = "$(inherited) @executable_path/Frameworks @loader_path/Frameworks";
				PRODUCT_BUNDLE_IDENTIFIER = com.nnn.documentUITests;
				PRODUCT_NAME = "$(TARGET_NAME)";
				TEST_TARGET_NAME = document;
			};
			name = Release;
		};
/* End XCBuildConfiguration section */

/* Begin XCConfigurationList section */
		D237A6121EA885C3007FE3C2 /* Build configuration list for PBXProject "document" */ = {
			isa = XCConfigurationList;
			buildConfigurations = (
				D237A6421EA885C3007FE3C2 /* Debug */,
				D237A6431EA885C3007FE3C2 /* Release */,
			);
			defaultConfigurationIsVisible = 0;
			defaultConfigurationName = Release;
		};
		D237A6441EA885C3007FE3C2 /* Build configuration list for PBXNativeTarget "document" */ = {
			isa = XCConfigurationList;
			buildConfigurations = (
				D237A6451EA885C3007FE3C2 /* Debug */,
				D237A6461EA885C3007FE3C2 /* Release */,
			);
			defaultConfigurationIsVisible = 0;
			defaultConfigurationName = Release;
		};
		D237A6471EA885C3007FE3C2 /* Build configuration list for PBXNativeTarget "documentTests" */ = {
			isa = XCConfigurationList;
			buildConfigurations = (
				D237A6481EA885C3007FE3C2 /* Debug */,
				D237A6491EA885C3007FE3C2 /* Release */,
			);
			defaultConfigurationIsVisible = 0;
			defaultConfigurationName = Release;
		};
		D237A64A1EA885C3007FE3C2 /* Build configuration list for PBXNativeTarget "documentUITests" */ = {
			isa = XCConfigurationList;
			buildConfigurations = (
				D237A64B1EA885C3007FE3C2 /* Debug */,
				D237A64C1EA885C3007FE3C2 /* Release */,
			);
			defaultConfigurationIsVisible = 0;
			defaultConfigurationName = Release;
		};
/* End XCConfigurationList section */
	};
	rootObject = D237A60F1EA885C3007FE3C2 /* Project object */;
}
